#
# This file is autogenerated by pip-compile with Python 3.13
# by the following command:
#
#    pip-compile --output-file=requirements.lock requirements.txt
#
annotated-types==0.7.0
    # via pydantic
certifi==2025.6.15
    # via requests
chardet==5.2.0
    # via pycurl-requests
charset-normalizer==3.4.2
    # via requests
decorator==4.4.2
    # via moviepy
idna==3.10
    # via requests
imageio==2.37.0
    # via moviepy
imageio-ffmpeg==0.6.0
    # via moviepy
moviepy==1.0.3
    # via -r requirements.txt
numpy==2.3.1
    # via
    #   imageio
    #   moviepy
pillow==11.2.1
    # via imageio
proglog==0.1.12
    # via moviepy
pycryptodomex==3.23.0
    # via -r requirements.txt
pycurl==7.45.7
    # via pycurl-requests
pycurl-requests @ git+https://github.com/Wawilow/pycurl-requests.git@master
    # via -r requirements.txt
pydantic==2.12.4
    # via -r requirements.txt
pydantic-core==2.41.5
    # via pydantic
pysocks==1.7.1
    # via -r requirements.txt
requests==2.32.4
    # via moviepy
tqdm==4.67.1
    # via
    #   moviepy
    #   proglog
typing-extensions==4.15.0
    # via
    #   pydantic
    #   pydantic-core
    #   typing-inspection
typing-inspection==0.4.2
    # via pydantic
urllib3==2.5.0
    # via requests
